// !$*UTF8*$!
{
	archiveVersion = 1;
	classes = {
	};
	objectVersion = 46;
	objects = {

/* Begin PBXBuildFile section */
		4554C1C11CBB9B0500CB55BD /* SKYBellCOAPManager.h in Headers */ = {isa = PBXBuildFile; fileRef = 4554C1C01CBB9B0500CB55BD /* SKYBellCOAPManager.h */; settings = {ATTRIBUTES = (Public, ); }; };
		4554C1CA1CBB9C6E00CB55BD /* BusinessLogic.h in Headers */ = {isa = PBXBuildFile; fileRef = 4554C1C81CBB9C6E00CB55BD /* BusinessLogic.h */; };
		4554C1CB1CBB9C6E00CB55BD /* BusinessLogic.m in Sources */ = {isa = PBXBuildFile; fileRef = 4554C1C91CBB9C6E00CB55BD /* BusinessLogic.m */; };
		4554C1D11CBB9DA900CB55BD /* UIKit.framework in Frameworks */ = {isa = PBXBuildFile; fileRef = 4554C1D01CBB9DA900CB55BD /* UIKit.framework */; };
		4554C1DC1CBBA15B00CB55BD /* GCDAsyncUdpSocket.h in Headers */ = {isa = PBXBuildFile; fileRef = 4554C1D21CBBA15B00CB55BD /* GCDAsyncUdpSocket.h */; };
		4554C1DD1CBBA15B00CB55BD /* GCDAsyncUdpSocket.m in Sources */ = {isa = PBXBuildFile; fileRef = 4554C1D31CBBA15B00CB55BD /* GCDAsyncUdpSocket.m */; };
		4554C1DE1CBBA15B00CB55BD /* ICoAPExchange.h in Headers */ = {isa = PBXBuildFile; fileRef = 4554C1D41CBBA15B00CB55BD /* ICoAPExchange.h */; };
		4554C1DF1CBBA15B00CB55BD /* ICoAPExchange.m in Sources */ = {isa = PBXBuildFile; fileRef = 4554C1D51CBBA15B00CB55BD /* ICoAPExchange.m */; };
		4554C1E01CBBA15B00CB55BD /* ICoAPMessage.h in Headers */ = {isa = PBXBuildFile; fileRef = 4554C1D61CBBA15B00CB55BD /* ICoAPMessage.h */; };
		4554C1E11CBBA15B00CB55BD /* ICoAPMessage.m in Sources */ = {isa = PBXBuildFile; fileRef = 4554C1D71CBBA15B00CB55BD /* ICoAPMessage.m */; };
		4554C1E21CBBA15B00CB55BD /* ICoAPTools.h in Headers */ = {isa = PBXBuildFile; fileRef = 4554C1D81CBBA15B00CB55BD /* ICoAPTools.h */; };
		4554C1E31CBBA15B00CB55BD /* ICoAPTools.m in Sources */ = {isa = PBXBuildFile; fileRef = 4554C1D91CBBA15B00CB55BD /* ICoAPTools.m */; };
		4554C1E41CBBA15B00CB55BD /* NSString+hex.h in Headers */ = {isa = PBXBuildFile; fileRef = 4554C1DA1CBBA15B00CB55BD /* NSString+hex.h */; };
		4554C1E51CBBA15B00CB55BD /* NSString+hex.m in Sources */ = {isa = PBXBuildFile; fileRef = 4554C1DB1CBBA15B00CB55BD /* NSString+hex.m */; };
		4554C1E71CBBA39000CB55BD /* SKYConstants.h in Headers */ = {isa = PBXBuildFile; fileRef = 4554C1E61CBBA39000CB55BD /* SKYConstants.h */; };
		4554C1EA1CBBB90E00CB55BD /* SKYEndpointsManager.h in Headers */ = {isa = PBXBuildFile; fileRef = 4554C1E81CBBB90E00CB55BD /* SKYEndpointsManager.h */; };
		4554C1EB1CBBB90E00CB55BD /* SKYEndpointsManager.m in Sources */ = {isa = PBXBuildFile; fileRef = 4554C1E91CBBB90E00CB55BD /* SKYEndpointsManager.m */; };
		4554C1EE1CBBB9CA00CB55BD /* SKYCallConfiguration.h in Headers */ = {isa = PBXBuildFile; fileRef = 4554C1EC1CBBB9CA00CB55BD /* SKYCallConfiguration.h */; };
		4554C1EF1CBBB9CA00CB55BD /* SKYCallConfiguration.m in Sources */ = {isa = PBXBuildFile; fileRef = 4554C1ED1CBBB9CA00CB55BD /* SKYCallConfiguration.m */; };
		4554C1F21CBBBAF400CB55BD /* SKYKeychainService.h in Headers */ = {isa = PBXBuildFile; fileRef = 4554C1F01CBBBAF400CB55BD /* SKYKeychainService.h */; };
		4554C1F31CBBBAF400CB55BD /* SKYKeychainService.m in Sources */ = {isa = PBXBuildFile; fileRef = 4554C1F11CBBBAF400CB55BD /* SKYKeychainService.m */; };
		4554C1F61CBBCA4600CB55BD /* SKYSession.h in Headers */ = {isa = PBXBuildFile; fileRef = 4554C1F41CBBCA4600CB55BD /* SKYSession.h */; };
		4554C1F71CBBCA4600CB55BD /* SKYSession.m in Sources */ = {isa = PBXBuildFile; fileRef = 4554C1F51CBBCA4600CB55BD /* SKYSession.m */; };
		4554C1FE1CBE543B00CB55BD /* AFOAuth2Manager.h in Headers */ = {isa = PBXBuildFile; fileRef = 4554C1FC1CBE543B00CB55BD /* AFOAuth2Manager.h */; };
		4554C1FF1CBE543B00CB55BD /* AFOAuth2Manager.m in Sources */ = {isa = PBXBuildFile; fileRef = 4554C1FD1CBE543B00CB55BD /* AFOAuth2Manager.m */; };
		4554C2131CBE553000CB55BD /* AFHTTPRequestOperation.h in Headers */ = {isa = PBXBuildFile; fileRef = 4554C2001CBE553000CB55BD /* AFHTTPRequestOperation.h */; };
		4554C2141CBE553000CB55BD /* AFHTTPRequestOperation.m in Sources */ = {isa = PBXBuildFile; fileRef = 4554C2011CBE553000CB55BD /* AFHTTPRequestOperation.m */; };
		4554C2151CBE553000CB55BD /* AFHTTPRequestOperationManager.h in Headers */ = {isa = PBXBuildFile; fileRef = 4554C2021CBE553000CB55BD /* AFHTTPRequestOperationManager.h */; };
		4554C2161CBE553000CB55BD /* AFHTTPRequestOperationManager.m in Sources */ = {isa = PBXBuildFile; fileRef = 4554C2031CBE553000CB55BD /* AFHTTPRequestOperationManager.m */; };
		4554C2171CBE553000CB55BD /* AFHTTPSessionManager.h in Headers */ = {isa = PBXBuildFile; fileRef = 4554C2041CBE553000CB55BD /* AFHTTPSessionManager.h */; };
		4554C2181CBE553000CB55BD /* AFHTTPSessionManager.m in Sources */ = {isa = PBXBuildFile; fileRef = 4554C2051CBE553000CB55BD /* AFHTTPSessionManager.m */; };
		4554C2191CBE553000CB55BD /* AFNetworking.h in Headers */ = {isa = PBXBuildFile; fileRef = 4554C2061CBE553000CB55BD /* AFNetworking.h */; };
		4554C21A1CBE553000CB55BD /* AFNetworkReachabilityManager.h in Headers */ = {isa = PBXBuildFile; fileRef = 4554C2071CBE553000CB55BD /* AFNetworkReachabilityManager.h */; };
		4554C21B1CBE553000CB55BD /* AFNetworkReachabilityManager.m in Sources */ = {isa = PBXBuildFile; fileRef = 4554C2081CBE553000CB55BD /* AFNetworkReachabilityManager.m */; };
		4554C21C1CBE553000CB55BD /* AFSecurityPolicy.h in Headers */ = {isa = PBXBuildFile; fileRef = 4554C2091CBE553000CB55BD /* AFSecurityPolicy.h */; };
		4554C21D1CBE553000CB55BD /* AFSecurityPolicy.m in Sources */ = {isa = PBXBuildFile; fileRef = 4554C20A1CBE553000CB55BD /* AFSecurityPolicy.m */; };
		4554C21E1CBE553000CB55BD /* AFURLConnectionOperation.h in Headers */ = {isa = PBXBuildFile; fileRef = 4554C20B1CBE553000CB55BD /* AFURLConnectionOperation.h */; };
		4554C21F1CBE553000CB55BD /* AFURLConnectionOperation.m in Sources */ = {isa = PBXBuildFile; fileRef = 4554C20C1CBE553000CB55BD /* AFURLConnectionOperation.m */; };
		4554C2201CBE553000CB55BD /* AFURLRequestSerialization.h in Headers */ = {isa = PBXBuildFile; fileRef = 4554C20D1CBE553000CB55BD /* AFURLRequestSerialization.h */; };
		4554C2211CBE553000CB55BD /* AFURLRequestSerialization.m in Sources */ = {isa = PBXBuildFile; fileRef = 4554C20E1CBE553000CB55BD /* AFURLRequestSerialization.m */; };
		4554C2221CBE553000CB55BD /* AFURLResponseSerialization.h in Headers */ = {isa = PBXBuildFile; fileRef = 4554C20F1CBE553000CB55BD /* AFURLResponseSerialization.h */; };
		4554C2231CBE553000CB55BD /* AFURLResponseSerialization.m in Sources */ = {isa = PBXBuildFile; fileRef = 4554C2101CBE553000CB55BD /* AFURLResponseSerialization.m */; };
		4554C2241CBE553000CB55BD /* AFURLSessionManager.h in Headers */ = {isa = PBXBuildFile; fileRef = 4554C2111CBE553000CB55BD /* AFURLSessionManager.h */; };
		4554C2251CBE553000CB55BD /* AFURLSessionManager.m in Sources */ = {isa = PBXBuildFile; fileRef = 4554C2121CBE553000CB55BD /* AFURLSessionManager.m */; };
		4554C2281CBE559000CB55BD /* SKYNetworkManager.h in Headers */ = {isa = PBXBuildFile; fileRef = 4554C2261CBE559000CB55BD /* SKYNetworkManager.h */; };
		4554C2291CBE559000CB55BD /* SKYNetworkManager.m in Sources */ = {isa = PBXBuildFile; fileRef = 4554C2271CBE559000CB55BD /* SKYNetworkManager.m */; };
		4554C22C1CBE55D000CB55BD /* SKYNestPartnerService.h in Headers */ = {isa = PBXBuildFile; fileRef = 4554C22A1CBE55D000CB55BD /* SKYNestPartnerService.h */; };
		4554C22D1CBE55D000CB55BD /* SKYNestPartnerService.m in Sources */ = {isa = PBXBuildFile; fileRef = 4554C22B1CBE55D000CB55BD /* SKYNestPartnerService.m */; };
		4554C2301CBE567500CB55BD /* SKYSecrets.h in Headers */ = {isa = PBXBuildFile; fileRef = 4554C22E1CBE567500CB55BD /* SKYSecrets.h */; };
		4554C2311CBE567500CB55BD /* SKYSecrets.m in Sources */ = {isa = PBXBuildFile; fileRef = 4554C22F1CBE567500CB55BD /* SKYSecrets.m */; };
		4554C2341CBE574100CB55BD /* NSError+SkyBell.h in Headers */ = {isa = PBXBuildFile; fileRef = 4554C2321CBE574100CB55BD /* NSError+SkyBell.h */; };
		4554C2351CBE574100CB55BD /* NSError+SkyBell.m in Sources */ = {isa = PBXBuildFile; fileRef = 4554C2331CBE574100CB55BD /* NSError+SkyBell.m */; };
/* End PBXBuildFile section */

/* Begin PBXFileReference section */
		4554C1BD1CBB9B0500CB55BD /* SKYBellCOAPManager.framework */ = {isa = PBXFileReference; explicitFileType = wrapper.framework; includeInIndex = 0; path = SKYBellCOAPManager.framework; sourceTree = BUILT_PRODUCTS_DIR; };
		4554C1C01CBB9B0500CB55BD /* SKYBellCOAPManager.h */ = {isa = PBXFileReference; lastKnownFileType = sourcecode.c.h; path = SKYBellCOAPManager.h; sourceTree = "<group>"; };
		4554C1C21CBB9B0500CB55BD /* Info.plist */ = {isa = PBXFileReference; lastKnownFileType = text.plist.xml; path = Info.plist; sourceTree = "<group>"; };
		4554C1C81CBB9C6E00CB55BD /* BusinessLogic.h */ = {isa = PBXFileReference; fileEncoding = 4; lastKnownFileType = sourcecode.c.h; path = BusinessLogic.h; sourceTree = "<group>"; };
		4554C1C91CBB9C6E00CB55BD /* BusinessLogic.m */ = {isa = PBXFileReference; fileEncoding = 4; lastKnownFileType = sourcecode.c.objc; path = BusinessLogic.m; sourceTree = "<group>"; };
		4554C1D01CBB9DA900CB55BD /* UIKit.framework */ = {isa = PBXFileReference; lastKnownFileType = wrapper.framework; name = UIKit.framework; path = System/Library/Frameworks/UIKit.framework; sourceTree = SDKROOT; };
		4554C1D21CBBA15B00CB55BD /* GCDAsyncUdpSocket.h */ = {isa = PBXFileReference; fileEncoding = 4; lastKnownFileType = sourcecode.c.h; path = GCDAsyncUdpSocket.h; sourceTree = "<group>"; };
		4554C1D31CBBA15B00CB55BD /* GCDAsyncUdpSocket.m */ = {isa = PBXFileReference; fileEncoding = 4; lastKnownFileType = sourcecode.c.objc; path = GCDAsyncUdpSocket.m; sourceTree = "<group>"; };
		4554C1D41CBBA15B00CB55BD /* ICoAPExchange.h */ = {isa = PBXFileReference; fileEncoding = 4; lastKnownFileType = sourcecode.c.h; path = ICoAPExchange.h; sourceTree = "<group>"; };
		4554C1D51CBBA15B00CB55BD /* ICoAPExchange.m */ = {isa = PBXFileReference; fileEncoding = 4; lastKnownFileType = sourcecode.c.objc; path = ICoAPExchange.m; sourceTree = "<group>"; };
		4554C1D61CBBA15B00CB55BD /* ICoAPMessage.h */ = {isa = PBXFileReference; fileEncoding = 4; lastKnownFileType = sourcecode.c.h; path = ICoAPMessage.h; sourceTree = "<group>"; };
		4554C1D71CBBA15B00CB55BD /* ICoAPMessage.m */ = {isa = PBXFileReference; fileEncoding = 4; lastKnownFileType = sourcecode.c.objc; path = ICoAPMessage.m; sourceTree = "<group>"; };
		4554C1D81CBBA15B00CB55BD /* ICoAPTools.h */ = {isa = PBXFileReference; fileEncoding = 4; lastKnownFileType = sourcecode.c.h; path = ICoAPTools.h; sourceTree = "<group>"; };
		4554C1D91CBBA15B00CB55BD /* ICoAPTools.m */ = {isa = PBXFileReference; fileEncoding = 4; lastKnownFileType = sourcecode.c.objc; path = ICoAPTools.m; sourceTree = "<group>"; };
		4554C1DA1CBBA15B00CB55BD /* NSString+hex.h */ = {isa = PBXFileReference; fileEncoding = 4; lastKnownFileType = sourcecode.c.h; path = "NSString+hex.h"; sourceTree = "<group>"; };
		4554C1DB1CBBA15B00CB55BD /* NSString+hex.m */ = {isa = PBXFileReference; fileEncoding = 4; lastKnownFileType = sourcecode.c.objc; path = "NSString+hex.m"; sourceTree = "<group>"; };
		4554C1E61CBBA39000CB55BD /* SKYConstants.h */ = {isa = PBXFileReference; fileEncoding = 4; lastKnownFileType = sourcecode.c.h; path = SKYConstants.h; sourceTree = "<group>"; };
		4554C1E81CBBB90E00CB55BD /* SKYEndpointsManager.h */ = {isa = PBXFileReference; fileEncoding = 4; lastKnownFileType = sourcecode.c.h; path = SKYEndpointsManager.h; sourceTree = "<group>"; };
		4554C1E91CBBB90E00CB55BD /* SKYEndpointsManager.m */ = {isa = PBXFileReference; fileEncoding = 4; lastKnownFileType = sourcecode.c.objc; path = SKYEndpointsManager.m; sourceTree = "<group>"; };
		4554C1EC1CBBB9CA00CB55BD /* SKYCallConfiguration.h */ = {isa = PBXFileReference; fileEncoding = 4; lastKnownFileType = sourcecode.c.h; path = SKYCallConfiguration.h; sourceTree = "<group>"; };
		4554C1ED1CBBB9CA00CB55BD /* SKYCallConfiguration.m */ = {isa = PBXFileReference; fileEncoding = 4; lastKnownFileType = sourcecode.c.objc; path = SKYCallConfiguration.m; sourceTree = "<group>"; };
		4554C1F01CBBBAF400CB55BD /* SKYKeychainService.h */ = {isa = PBXFileReference; fileEncoding = 4; lastKnownFileType = sourcecode.c.h; path = SKYKeychainService.h; sourceTree = "<group>"; };
		4554C1F11CBBBAF400CB55BD /* SKYKeychainService.m */ = {isa = PBXFileReference; fileEncoding = 4; lastKnownFileType = sourcecode.c.objc; path = SKYKeychainService.m; sourceTree = "<group>"; };
		4554C1F41CBBCA4600CB55BD /* SKYSession.h */ = {isa = PBXFileReference; fileEncoding = 4; lastKnownFileType = sourcecode.c.h; path = SKYSession.h; sourceTree = "<group>"; };
		4554C1F51CBBCA4600CB55BD /* SKYSession.m */ = {isa = PBXFileReference; fileEncoding = 4; lastKnownFileType = sourcecode.c.objc; path = SKYSession.m; sourceTree = "<group>"; };
		4554C1FC1CBE543B00CB55BD /* AFOAuth2Manager.h */ = {isa = PBXFileReference; fileEncoding = 4; lastKnownFileType = sourcecode.c.h; path = AFOAuth2Manager.h; sourceTree = "<group>"; };
		4554C1FD1CBE543B00CB55BD /* AFOAuth2Manager.m */ = {isa = PBXFileReference; fileEncoding = 4; lastKnownFileType = sourcecode.c.objc; path = AFOAuth2Manager.m; sourceTree = "<group>"; };
		4554C2001CBE553000CB55BD /* AFHTTPRequestOperation.h */ = {isa = PBXFileReference; fileEncoding = 4; lastKnownFileType = sourcecode.c.h; path = AFHTTPRequestOperation.h; sourceTree = "<group>"; };
		4554C2011CBE553000CB55BD /* AFHTTPRequestOperation.m */ = {isa = PBXFileReference; fileEncoding = 4; lastKnownFileType = sourcecode.c.objc; path = AFHTTPRequestOperation.m; sourceTree = "<group>"; };
		4554C2021CBE553000CB55BD /* AFHTTPRequestOperationManager.h */ = {isa = PBXFileReference; fileEncoding = 4; lastKnownFileType = sourcecode.c.h; path = AFHTTPRequestOperationManager.h; sourceTree = "<group>"; };
		4554C2031CBE553000CB55BD /* AFHTTPRequestOperationManager.m */ = {isa = PBXFileReference; fileEncoding = 4; lastKnownFileType = sourcecode.c.objc; path = AFHTTPRequestOperationManager.m; sourceTree = "<group>"; };
		4554C2041CBE553000CB55BD /* AFHTTPSessionManager.h */ = {isa = PBXFileReference; fileEncoding = 4; lastKnownFileType = sourcecode.c.h; path = AFHTTPSessionManager.h; sourceTree = "<group>"; };
		4554C2051CBE553000CB55BD /* AFHTTPSessionManager.m */ = {isa = PBXFileReference; fileEncoding = 4; lastKnownFileType = sourcecode.c.objc; path = AFHTTPSessionManager.m; sourceTree = "<group>"; };
		4554C2061CBE553000CB55BD /* AFNetworking.h */ = {isa = PBXFileReference; fileEncoding = 4; lastKnownFileType = sourcecode.c.h; path = AFNetworking.h; sourceTree = "<group>"; };
		4554C2071CBE553000CB55BD /* AFNetworkReachabilityManager.h */ = {isa = PBXFileReference; fileEncoding = 4; lastKnownFileType = sourcecode.c.h; path = AFNetworkReachabilityManager.h; sourceTree = "<group>"; };
		4554C2081CBE553000CB55BD /* AFNetworkReachabilityManager.m */ = {isa = PBXFileReference; fileEncoding = 4; lastKnownFileType = sourcecode.c.objc; path = AFNetworkReachabilityManager.m; sourceTree = "<group>"; };
		4554C2091CBE553000CB55BD /* AFSecurityPolicy.h */ = {isa = PBXFileReference; fileEncoding = 4; lastKnownFileType = sourcecode.c.h; path = AFSecurityPolicy.h; sourceTree = "<group>"; };
		4554C20A1CBE553000CB55BD /* AFSecurityPolicy.m */ = {isa = PBXFileReference; fileEncoding = 4; lastKnownFileType = sourcecode.c.objc; path = AFSecurityPolicy.m; sourceTree = "<group>"; };
		4554C20B1CBE553000CB55BD /* AFURLConnectionOperation.h */ = {isa = PBXFileReference; fileEncoding = 4; lastKnownFileType = sourcecode.c.h; path = AFURLConnectionOperation.h; sourceTree = "<group>"; };
		4554C20C1CBE553000CB55BD /* AFURLConnectionOperation.m */ = {isa = PBXFileReference; fileEncoding = 4; lastKnownFileType = sourcecode.c.objc; path = AFURLConnectionOperation.m; sourceTree = "<group>"; };
		4554C20D1CBE553000CB55BD /* AFURLRequestSerialization.h */ = {isa = PBXFileReference; fileEncoding = 4; lastKnownFileType = sourcecode.c.h; path = AFURLRequestSerialization.h; sourceTree = "<group>"; };
		4554C20E1CBE553000CB55BD /* AFURLRequestSerialization.m */ = {isa = PBXFileReference; fileEncoding = 4; lastKnownFileType = sourcecode.c.objc; path = AFURLRequestSerialization.m; sourceTree = "<group>"; };
		4554C20F1CBE553000CB55BD /* AFURLResponseSerialization.h */ = {isa = PBXFileReference; fileEncoding = 4; lastKnownFileType = sourcecode.c.h; path = AFURLResponseSerialization.h; sourceTree = "<group>"; };
		4554C2101CBE553000CB55BD /* AFURLResponseSerialization.m */ = {isa = PBXFileReference; fileEncoding = 4; lastKnownFileType = sourcecode.c.objc; path = AFURLResponseSerialization.m; sourceTree = "<group>"; };
		4554C2111CBE553000CB55BD /* AFURLSessionManager.h */ = {isa = PBXFileReference; fileEncoding = 4; lastKnownFileType = sourcecode.c.h; path = AFURLSessionManager.h; sourceTree = "<group>"; };
		4554C2121CBE553000CB55BD /* AFURLSessionManager.m */ = {isa = PBXFileReference; fileEncoding = 4; lastKnownFileType = sourcecode.c.objc; path = AFURLSessionManager.m; sourceTree = "<group>"; };
		4554C2261CBE559000CB55BD /* SKYNetworkManager.h */ = {isa = PBXFileReference; fileEncoding = 4; lastKnownFileType = sourcecode.c.h; path = SKYNetworkManager.h; sourceTree = "<group>"; };
		4554C2271CBE559000CB55BD /* SKYNetworkManager.m */ = {isa = PBXFileReference; fileEncoding = 4; lastKnownFileType = sourcecode.c.objc; path = SKYNetworkManager.m; sourceTree = "<group>"; };
		4554C22A1CBE55D000CB55BD /* SKYNestPartnerService.h */ = {isa = PBXFileReference; fileEncoding = 4; lastKnownFileType = sourcecode.c.h; path = SKYNestPartnerService.h; sourceTree = "<group>"; };
		4554C22B1CBE55D000CB55BD /* SKYNestPartnerService.m */ = {isa = PBXFileReference; fileEncoding = 4; lastKnownFileType = sourcecode.c.objc; path = SKYNestPartnerService.m; sourceTree = "<group>"; };
		4554C22E1CBE567500CB55BD /* SKYSecrets.h */ = {isa = PBXFileReference; fileEncoding = 4; lastKnownFileType = sourcecode.c.h; path = SKYSecrets.h; sourceTree = "<group>"; };
		4554C22F1CBE567500CB55BD /* SKYSecrets.m */ = {isa = PBXFileReference; fileEncoding = 4; lastKnownFileType = sourcecode.c.objc; path = SKYSecrets.m; sourceTree = "<group>"; };
		4554C2321CBE574100CB55BD /* NSError+SkyBell.h */ = {isa = PBXFileReference; fileEncoding = 4; lastKnownFileType = sourcecode.c.h; path = "NSError+SkyBell.h"; sourceTree = "<group>"; };
		4554C2331CBE574100CB55BD /* NSError+SkyBell.m */ = {isa = PBXFileReference; fileEncoding = 4; lastKnownFileType = sourcecode.c.objc; path = "NSError+SkyBell.m"; sourceTree = "<group>"; };
/* End PBXFileReference section */

/* Begin PBXFrameworksBuildPhase section */
		4554C1B91CBB9B0500CB55BD /* Frameworks */ = {
			isa = PBXFrameworksBuildPhase;
			buildActionMask = 2147483647;
			files = (
				4554C1D11CBB9DA900CB55BD /* UIKit.framework in Frameworks */,
			);
			runOnlyForDeploymentPostprocessing = 0;
		};
/* End PBXFrameworksBuildPhase section */

/* Begin PBXGroup section */
		4554C1B31CBB9B0500CB55BD = {
			isa = PBXGroup;
			children = (
				4554C1D01CBB9DA900CB55BD /* UIKit.framework */,
				4554C1BF1CBB9B0500CB55BD /* SKYBellCOAPManager */,
				4554C1BE1CBB9B0500CB55BD /* Products */,
			);
			sourceTree = "<group>";
		};
		4554C1BE1CBB9B0500CB55BD /* Products */ = {
			isa = PBXGroup;
			children = (
				4554C1BD1CBB9B0500CB55BD /* SKYBellCOAPManager.framework */,
			);
			name = Products;
			sourceTree = "<group>";
		};
		4554C1BF1CBB9B0500CB55BD /* SKYBellCOAPManager */ = {
			isa = PBXGroup;
			children = (
				4554C1C01CBB9B0500CB55BD /* SKYBellCOAPManager.h */,
				4554C1C81CBB9C6E00CB55BD /* BusinessLogic.h */,
				4554C1C91CBB9C6E00CB55BD /* BusinessLogic.m */,
				4554C1C21CBB9B0500CB55BD /* Info.plist */,
				4554C1D21CBBA15B00CB55BD /* GCDAsyncUdpSocket.h */,
				4554C1D31CBBA15B00CB55BD /* GCDAsyncUdpSocket.m */,
				4554C1D41CBBA15B00CB55BD /* ICoAPExchange.h */,
				4554C1D51CBBA15B00CB55BD /* ICoAPExchange.m */,
				4554C1D61CBBA15B00CB55BD /* ICoAPMessage.h */,
				4554C1D71CBBA15B00CB55BD /* ICoAPMessage.m */,
				4554C1D81CBBA15B00CB55BD /* ICoAPTools.h */,
				4554C1D91CBBA15B00CB55BD /* ICoAPTools.m */,
				4554C1DA1CBBA15B00CB55BD /* NSString+hex.h */,
				4554C1DB1CBBA15B00CB55BD /* NSString+hex.m */,
				4554C1E61CBBA39000CB55BD /* SKYConstants.h */,
				4554C1E81CBBB90E00CB55BD /* SKYEndpointsManager.h */,
				4554C1E91CBBB90E00CB55BD /* SKYEndpointsManager.m */,
				4554C1EC1CBBB9CA00CB55BD /* SKYCallConfiguration.h */,
				4554C1ED1CBBB9CA00CB55BD /* SKYCallConfiguration.m */,
				4554C1F01CBBBAF400CB55BD /* SKYKeychainService.h */,
				4554C1F11CBBBAF400CB55BD /* SKYKeychainService.m */,
				4554C22E1CBE567500CB55BD /* SKYSecrets.h */,
				4554C1FC1CBE543B00CB55BD /* AFOAuth2Manager.h */,
				4554C1FD1CBE543B00CB55BD /* AFOAuth2Manager.m */,
				4554C22F1CBE567500CB55BD /* SKYSecrets.m */,
				4554C1F41CBBCA4600CB55BD /* SKYSession.h */,
				4554C1F51CBBCA4600CB55BD /* SKYSession.m */,
				4554C2321CBE574100CB55BD /* NSError+SkyBell.h */,
				4554C2331CBE574100CB55BD /* NSError+SkyBell.m */,
				4554C22A1CBE55D000CB55BD /* SKYNestPartnerService.h */,
				4554C22B1CBE55D000CB55BD /* SKYNestPartnerService.m */,
				4554C2361CBE66DC00CB55BD /* Extras */,
			);
			path = SKYBellCOAPManager;
			sourceTree = "<group>";
		};
		4554C2361CBE66DC00CB55BD /* Extras */ = {
			isa = PBXGroup;
			children = (
				4554C2261CBE559000CB55BD /* SKYNetworkManager.h */,
				4554C2271CBE559000CB55BD /* SKYNetworkManager.m */,
				4554C2001CBE553000CB55BD /* AFHTTPRequestOperation.h */,
				4554C2011CBE553000CB55BD /* AFHTTPRequestOperation.m */,
				4554C2021CBE553000CB55BD /* AFHTTPRequestOperationManager.h */,
				4554C2031CBE553000CB55BD /* AFHTTPRequestOperationManager.m */,
				4554C2041CBE553000CB55BD /* AFHTTPSessionManager.h */,
				4554C2051CBE553000CB55BD /* AFHTTPSessionManager.m */,
				4554C2061CBE553000CB55BD /* AFNetworking.h */,
				4554C2071CBE553000CB55BD /* AFNetworkReachabilityManager.h */,
				4554C2081CBE553000CB55BD /* AFNetworkReachabilityManager.m */,
				4554C2091CBE553000CB55BD /* AFSecurityPolicy.h */,
				4554C20A1CBE553000CB55BD /* AFSecurityPolicy.m */,
				4554C20B1CBE553000CB55BD /* AFURLConnectionOperation.h */,
				4554C20C1CBE553000CB55BD /* AFURLConnectionOperation.m */,
				4554C20D1CBE553000CB55BD /* AFURLRequestSerialization.h */,
				4554C20E1CBE553000CB55BD /* AFURLRequestSerialization.m */,
				4554C20F1CBE553000CB55BD /* AFURLResponseSerialization.h */,
				4554C2101CBE553000CB55BD /* AFURLResponseSerialization.m */,
				4554C2111CBE553000CB55BD /* AFURLSessionManager.h */,
				4554C2121CBE553000CB55BD /* AFURLSessionManager.m */,
			);
			name = Extras;
			sourceTree = "<group>";
		};
/* End PBXGroup section */

/* Begin PBXHeadersBuildPhase section */
		4554C1BA1CBB9B0500CB55BD /* Headers */ = {
			isa = PBXHeadersBuildPhase;
			buildActionMask = 2147483647;
			files = (
				4554C2201CBE553000CB55BD /* AFURLRequestSerialization.h in Headers */,
				4554C1C11CBB9B0500CB55BD /* SKYBellCOAPManager.h in Headers */,
				4554C2151CBE553000CB55BD /* AFHTTPRequestOperationManager.h in Headers */,
				4554C2341CBE574100CB55BD /* NSError+SkyBell.h in Headers */,
				4554C21A1CBE553000CB55BD /* AFNetworkReachabilityManager.h in Headers */,
				4554C21E1CBE553000CB55BD /* AFURLConnectionOperation.h in Headers */,
				4554C1CA1CBB9C6E00CB55BD /* BusinessLogic.h in Headers */,
				4554C2131CBE553000CB55BD /* AFHTTPRequestOperation.h in Headers */,
				4554C1DC1CBBA15B00CB55BD /* GCDAsyncUdpSocket.h in Headers */,
				4554C1E41CBBA15B00CB55BD /* NSString+hex.h in Headers */,
				4554C1DE1CBBA15B00CB55BD /* ICoAPExchange.h in Headers */,
				4554C1E01CBBA15B00CB55BD /* ICoAPMessage.h in Headers */,
				4554C1E21CBBA15B00CB55BD /* ICoAPTools.h in Headers */,
				4554C2241CBE553000CB55BD /* AFURLSessionManager.h in Headers */,
				4554C1EA1CBBB90E00CB55BD /* SKYEndpointsManager.h in Headers */,
				4554C21C1CBE553000CB55BD /* AFSecurityPolicy.h in Headers */,
				4554C2301CBE567500CB55BD /* SKYSecrets.h in Headers */,
				4554C22C1CBE55D000CB55BD /* SKYNestPartnerService.h in Headers */,
				4554C1F21CBBBAF400CB55BD /* SKYKeychainService.h in Headers */,
				4554C1F61CBBCA4600CB55BD /* SKYSession.h in Headers */,
				4554C2281CBE559000CB55BD /* SKYNetworkManager.h in Headers */,
				4554C1E71CBBA39000CB55BD /* SKYConstants.h in Headers */,
				4554C2171CBE553000CB55BD /* AFHTTPSessionManager.h in Headers */,
				4554C2221CBE553000CB55BD /* AFURLResponseSerialization.h in Headers */,
				4554C1FE1CBE543B00CB55BD /* AFOAuth2Manager.h in Headers */,
				4554C1EE1CBBB9CA00CB55BD /* SKYCallConfiguration.h in Headers */,
				4554C2191CBE553000CB55BD /* AFNetworking.h in Headers */,
			);
			runOnlyForDeploymentPostprocessing = 0;
		};
/* End PBXHeadersBuildPhase section */

/* Begin PBXNativeTarget section */
		4554C1BC1CBB9B0500CB55BD /* SKYBellCOAPManager */ = {
			isa = PBXNativeTarget;
			buildConfigurationList = 4554C1C51CBB9B0500CB55BD /* Build configuration list for PBXNativeTarget "SKYBellCOAPManager" */;
			buildPhases = (
				4554C1B81CBB9B0500CB55BD /* Sources */,
				4554C1B91CBB9B0500CB55BD /* Frameworks */,
				4554C1BA1CBB9B0500CB55BD /* Headers */,
				4554C1BB1CBB9B0500CB55BD /* Resources */,
			);
			buildRules = (
			);
			dependencies = (
			);
			name = SKYBellCOAPManager;
			productName = SKYBellCOAPManager;
			productReference = 4554C1BD1CBB9B0500CB55BD /* SKYBellCOAPManager.framework */;
			productType = "com.apple.product-type.framework";
		};
/* End PBXNativeTarget section */

/* Begin PBXProject section */
		4554C1B41CBB9B0500CB55BD /* Project object */ = {
			isa = PBXProject;
			attributes = {
				LastUpgradeCheck = 0730;
				ORGANIZATIONNAME = "Kumar Utsav";
				TargetAttributes = {
					4554C1BC1CBB9B0500CB55BD = {
						CreatedOnToolsVersion = 7.3;
					};
				};
			};
			buildConfigurationList = 4554C1B71CBB9B0500CB55BD /* Build configuration list for PBXProject "SKYBellCOAPManager" */;
			compatibilityVersion = "Xcode 3.2";
			developmentRegion = English;
			hasScannedForEncodings = 0;
			knownRegions = (
				en,
			);
			mainGroup = 4554C1B31CBB9B0500CB55BD;
			productRefGroup = 4554C1BE1CBB9B0500CB55BD /* Products */;
			projectDirPath = "";
			projectRoot = "";
			targets = (
				4554C1BC1CBB9B0500CB55BD /* SKYBellCOAPManager */,
			);
		};
/* End PBXProject section */

/* Begin PBXResourcesBuildPhase section */
		4554C1BB1CBB9B0500CB55BD /* Resources */ = {
			isa = PBXResourcesBuildPhase;
			buildActionMask = 2147483647;
			files = (
			);
			runOnlyForDeploymentPostprocessing = 0;
		};
/* End PBXResourcesBuildPhase section */

/* Begin PBXSourcesBuildPhase section */
		4554C1B81CBB9B0500CB55BD /* Sources */ = {
			isa = PBXSourcesBuildPhase;
			buildActionMask = 2147483647;
			files = (
				4554C2141CBE553000CB55BD /* AFHTTPRequestOperation.m in Sources */,
				4554C1DF1CBBA15B00CB55BD /* ICoAPExchange.m in Sources */,
				4554C2291CBE559000CB55BD /* SKYNetworkManager.m in Sources */,
				4554C1F31CBBBAF400CB55BD /* SKYKeychainService.m in Sources */,
				4554C2311CBE567500CB55BD /* SKYSecrets.m in Sources */,
				4554C1EB1CBBB90E00CB55BD /* SKYEndpointsManager.m in Sources */,
				4554C1E51CBBA15B00CB55BD /* NSString+hex.m in Sources */,
				4554C2251CBE553000CB55BD /* AFURLSessionManager.m in Sources */,
				4554C2181CBE553000CB55BD /* AFHTTPSessionManager.m in Sources */,
				4554C1E31CBBA15B00CB55BD /* ICoAPTools.m in Sources */,
				4554C21B1CBE553000CB55BD /* AFNetworkReachabilityManager.m in Sources */,
				4554C1EF1CBBB9CA00CB55BD /* SKYCallConfiguration.m in Sources */,
				4554C2231CBE553000CB55BD /* AFURLResponseSerialization.m in Sources */,
				4554C2211CBE553000CB55BD /* AFURLRequestSerialization.m in Sources */,
				4554C21F1CBE553000CB55BD /* AFURLConnectionOperation.m in Sources */,
				4554C2161CBE553000CB55BD /* AFHTTPRequestOperationManager.m in Sources */,
				4554C2351CBE574100CB55BD /* NSError+SkyBell.m in Sources */,
				4554C1FF1CBE543B00CB55BD /* AFOAuth2Manager.m in Sources */,
				4554C22D1CBE55D000CB55BD /* SKYNestPartnerService.m in Sources */,
				4554C1F71CBBCA4600CB55BD /* SKYSession.m in Sources */,
				4554C21D1CBE553000CB55BD /* AFSecurityPolicy.m in Sources */,
				4554C1DD1CBBA15B00CB55BD /* GCDAsyncUdpSocket.m in Sources */,
				4554C1CB1CBB9C6E00CB55BD /* BusinessLogic.m in Sources */,
				4554C1E11CBBA15B00CB55BD /* ICoAPMessage.m in Sources */,
			);
			runOnlyForDeploymentPostprocessing = 0;
		};
/* End PBXSourcesBuildPhase section */

/* Begin XCBuildConfiguration section */
		4554C1C31CBB9B0500CB55BD /* Debug */ = {
			isa = XCBuildConfiguration;
			buildSettings = {
				ALWAYS_SEARCH_USER_PATHS = NO;
				CLANG_ANALYZER_NONNULL = YES;
				CLANG_CXX_LANGUAGE_STANDARD = "gnu++0x";
				CLANG_CXX_LIBRARY = "libc++";
				CLANG_ENABLE_MODULES = YES;
				CLANG_ENABLE_OBJC_ARC = YES;
				CLANG_WARN_BOOL_CONVERSION = YES;
				CLANG_WARN_CONSTANT_CONVERSION = YES;
				CLANG_WARN_DIRECT_OBJC_ISA_USAGE = YES_ERROR;
				CLANG_WARN_EMPTY_BODY = YES;
				CLANG_WARN_ENUM_CONVERSION = YES;
				CLANG_WARN_INT_CONVERSION = YES;
				CLANG_WARN_OBJC_ROOT_CLASS = YES_ERROR;
				CLANG_WARN_UNREACHABLE_CODE = YES;
				CLANG_WARN__DUPLICATE_METHOD_MATCH = YES;
				"CODE_SIGN_IDENTITY[sdk=iphoneos*]" = "iPhone Developer";
				COPY_PHASE_STRIP = NO;
				CURRENT_PROJECT_VERSION = 1;
				DEBUG_INFORMATION_FORMAT = dwarf;
				ENABLE_STRICT_OBJC_MSGSEND = YES;
				ENABLE_TESTABILITY = YES;
				GCC_C_LANGUAGE_STANDARD = gnu99;
				GCC_DYNAMIC_NO_PIC = NO;
				GCC_NO_COMMON_BLOCKS = YES;
				GCC_OPTIMIZATION_LEVEL = 0;
				GCC_PREPROCESSOR_DEFINITIONS = (
					"DEBUG=1",
					"$(inherited)",
				);
				GCC_WARN_64_TO_32_BIT_CONVERSION = YES;
				GCC_WARN_ABOUT_RETURN_TYPE = YES_ERROR;
				GCC_WARN_UNDECLARED_SELECTOR = YES;
				GCC_WARN_UNINITIALIZED_AUTOS = YES_AGGRESSIVE;
				GCC_WARN_UNUSED_FUNCTION = YES;
				GCC_WARN_UNUSED_VARIABLE = YES;
				IPHONEOS_DEPLOYMENT_TARGET = 9.3;
				MTL_ENABLE_DEBUG_INFO = YES;
				ONLY_ACTIVE_ARCH = YES;
				SDKROOT = iphoneos;
				TARGETED_DEVICE_FAMILY = "1,2";
				VERSIONING_SYSTEM = "apple-generic";
				VERSION_INFO_PREFIX = "";
			};
			name = Debug;
		};
		4554C1C41CBB9B0500CB55BD /* Release */ = {
			isa = XCBuildConfiguration;
			buildSettings = {
				ALWAYS_SEARCH_USER_PATHS = NO;
				CLANG_ANALYZER_NONNULL = YES;
				CLANG_CXX_LANGUAGE_STANDARD = "gnu++0x";
				CLANG_CXX_LIBRARY = "libc++";
				CLANG_ENABLE_MODULES = YES;
				CLANG_ENABLE_OBJC_ARC = YES;
				CLANG_WARN_BOOL_CONVERSION = YES;
				CLANG_WARN_CONSTANT_CONVERSION = YES;
				CLANG_WARN_DIRECT_OBJC_ISA_USAGE = YES_ERROR;
				CLANG_WARN_EMPTY_BODY = YES;
				CLANG_WARN_ENUM_CONVERSION = YES;
				CLANG_WARN_INT_CONVERSION = YES;
				CLANG_WARN_OBJC_ROOT_CLASS = YES_ERROR;
				CLANG_WARN_UNREACHABLE_CODE = YES;
				CLANG_WARN__DUPLICATE_METHOD_MATCH = YES;
				"CODE_SIGN_IDENTITY[sdk=iphoneos*]" = "iPhone Developer";
				COPY_PHASE_STRIP = NO;
				CURRENT_PROJECT_VERSION = 1;
				DEBUG_INFORMATION_FORMAT = "dwarf-with-dsym";
				ENABLE_NS_ASSERTIONS = NO;
				ENABLE_STRICT_OBJC_MSGSEND = YES;
				GCC_C_LANGUAGE_STANDARD = gnu99;
				GCC_NO_COMMON_BLOCKS = YES;
				GCC_WARN_64_TO_32_BIT_CONVERSION = YES;
				GCC_WARN_ABOUT_RETURN_TYPE = YES_ERROR;
				GCC_WARN_UNDECLARED_SELECTOR = YES;
				GCC_WARN_UNINITIALIZED_AUTOS = YES_AGGRESSIVE;
				GCC_WARN_UNUSED_FUNCTION = YES;
				GCC_WARN_UNUSED_VARIABLE = YES;
				IPHONEOS_DEPLOYMENT_TARGET = 9.3;
				MTL_ENABLE_DEBUG_INFO = NO;
				SDKROOT = iphoneos;
				TARGETED_DEVICE_FAMILY = "1,2";
				VALIDATE_PRODUCT = YES;
				VERSIONING_SYSTEM = "apple-generic";
				VERSION_INFO_PREFIX = "";
			};
			name = Release;
		};
		4554C1C61CBB9B0500CB55BD /* Debug */ = {
			isa = XCBuildConfiguration;
			buildSettings = {
				DEFINES_MODULE = YES;
				DYLIB_COMPATIBILITY_VERSION = 1;
				DYLIB_CURRENT_VERSION = 1;
				DYLIB_INSTALL_NAME_BASE = "@rpath";
				INFOPLIST_FILE = SKYBellCOAPManager/Info.plist;
				INSTALL_PATH = "$(LOCAL_LIBRARY_DIR)/Frameworks";
				LD_RUNPATH_SEARCH_PATHS = "$(inherited) @executable_path/Frameworks @loader_path/Frameworks";
				PRODUCT_BUNDLE_IDENTIFIER = com.kumar.SKYBellCOAPManager;
				PRODUCT_NAME = "$(TARGET_NAME)";
				SKIP_INSTALL = YES;
			};
			name = Debug;
		};
		4554C1C71CBB9B0500CB55BD /* Release */ = {
			isa = XCBuildConfiguration;
			buildSettings = {
				DEFINES_MODULE = YES;
				DYLIB_COMPATIBILITY_VERSION = 1;
				DYLIB_CURRENT_VERSION = 1;
				DYLIB_INSTALL_NAME_BASE = "@rpath";
				INFOPLIST_FILE = SKYBellCOAPManager/Info.plist;
				INSTALL_PATH = "$(LOCAL_LIBRARY_DIR)/Frameworks";
				LD_RUNPATH_SEARCH_PATHS = "$(inherited) @executable_path/Frameworks @loader_path/Frameworks";
				PRODUCT_BUNDLE_IDENTIFIER = com.kumar.SKYBellCOAPManager;
				PRODUCT_NAME = "$(TARGET_NAME)";
				SKIP_INSTALL = YES;
			};
			name = Release;
		};
/* End XCBuildConfiguration section */

/* Begin XCConfigurationList section */
		4554C1B71CBB9B0500CB55BD /* Build configuration list for PBXProject "SKYBellCOAPManager" */ = {
			isa = XCConfigurationList;
			buildConfigurations = (
				4554C1C31CBB9B0500CB55BD /* Debug */,
				4554C1C41CBB9B0500CB55BD /* Release */,
			);
			defaultConfigurationIsVisible = 0;
			defaultConfigurationName = Release;
		};
		4554C1C51CBB9B0500CB55BD /* Build configuration list for PBXNativeTarget "SKYBellCOAPManager" */ = {
			isa = XCConfigurationList;
			buildConfigurations = (
				4554C1C61CBB9B0500CB55BD /* Debug */,
				4554C1C71CBB9B0500CB55BD /* Release */,
			);
			defaultConfigurationIsVisible = 0;
			defaultConfigurationName = Release;
		};
/* End XCConfigurationList section */
	};
	rootObject = 4554C1B41CBB9B0500CB55BD /* Project object */;
}
